
Microsoft Visual Studio Solution File, Format Version 12.00
# Visual Studio Version 17
VisualStudioVersion = 17.4.33122.133
MinimumVisualStudioVersion = 10.0.40219.1
Project("{9A19103F-16F7-4668-BE54-9A1E7A4F7556}") = "GoldCSAPI", "GoldCSAPI.csproj", "{C7346CD6-32EC-4D8A-A2DE-F60737F376ED}"
EndProject
Global
	GlobalSection(SolutionConfigurationPlatforms) = preSolution
		Debug|Any CPU = Debug|Any CPU
		Release|Any CPU = Release|Any CPU
	EndGlobalSection
	GlobalSection(ProjectConfigurationPlatforms) = postSolution
		{C7346CD6-32EC-4D8A-A2DE-F60737F376ED}.Debug|Any CPU.ActiveCfg = Debug|Any CPU
		{C7346CD6-32EC-4D8A-A2DE-F60737F376ED}.Debug|Any CPU.Build.0 = Debug|Any CPU
		{C7346CD6-32EC-4D8A-A2DE-F60737F376ED}.Release|Any CPU.ActiveCfg = Release|Any CPU
		{C7346CD6-32EC-4D8A-A2DE-F60737F376ED}.Release|Any CPU.Build.0 = Release|Any CPU
	EndGlobalSection
	GlobalSection(SolutionProperties) = preSolution
		HideSolutionNode = FALSE
	EndGlobalSection
	GlobalSection(ExtensibilityGlobals) = postSolution
		SolutionGuid = {C8B4AF9A-D85A-4EBF-960C-C199DC6427CD}
	EndGlobalSection
EndGlobal
